("quicklisp" .
 (:class qlot/source/dist:source-dist
  :initargs (:distribution "http://beta.quicklisp.org/dist/quicklisp.txt" :%version :latest)
  :version "2022-07-08"))
("ultralisp" .
 (:class qlot/source/dist:source-dist
  :initargs (:distribution "http://dist.ultralisp.org" :%version :latest)
  :version "20221026121000"))
("bordeaux-threads" .
 (:class qlot/source/github:source-github
  :initargs (:repos "svetlyak40wt/bordeaux-threads" :ref nil :branch "fix-apiv2-for-no-threads" :tag nil)
  :version "github-29a839d1db25d86b18c0caad50036da9481b064b"))
